
Microsoft Visual Studio Solution File, Format Version 12.00
# Visual Studio Version 17
VisualStudioVersion = 17.1.32328.378
MinimumVisualStudioVersion = 10.0.40219.1
Project("{FAE04EC0-301F-11D3-BF4B-00C04F79EFBC}") = "StackData", "StackData.csproj", "{070D596E-4928-40C2-A19F-E4B13BCA6343}"
EndProject
Global
	GlobalSection(SolutionConfigurationPlatforms) = preSolution
		Debug|Any CPU = Debug|Any CPU
		Release|Any CPU = Release|Any CPU
	EndGlobalSection
	GlobalSection(ProjectConfigurationPlatforms) = postSolution
		{070D596E-4928-40C2-A19F-E4B13BCA6343}.Debug|Any CPU.ActiveCfg = Debug|Any CPU
		{070D596E-4928-40C2-A19F-E4B13BCA6343}.Debug|Any CPU.Build.0 = Debug|Any CPU
		{070D596E-4928-40C2-A19F-E4B13BCA6343}.Release|Any CPU.ActiveCfg = Release|Any CPU
		{070D596E-4928-40C2-A19F-E4B13BCA6343}.Release|Any CPU.Build.0 = Release|Any CPU
	EndGlobalSection
	GlobalSection(SolutionProperties) = preSolution
		HideSolutionNode = FALSE
	EndGlobalSection
	GlobalSection(ExtensibilityGlobals) = postSolution
		SolutionGuid = {C382FA0F-59CC-4E21-9F13-8949F3AE37D8}
	EndGlobalSection
EndGlobal
